
Microsoft Visual Studio Solution File, Format Version 12.00
# Visual Studio Version 17
VisualStudioVersion = 17.10.35013.160
MinimumVisualStudioVersion = 10.0.40219.1
Project("{888888A0-9F3D-457C-B088-3A5042F75D52}") = "MyHelperLibrary", "MyHelperLibrary\MyHelperLibrary.pyproj", "{F0EE973C-F789-4519-8985-C5B1453037D2}"
EndProject
Global
	GlobalSection(SolutionConfigurationPlatforms) = preSolution
		Debug|Any CPU = Debug|Any CPU
		Release|Any CPU = Release|Any CPU
	EndGlobalSection
	GlobalSection(ProjectConfigurationPlatforms) = postSolution
		{F0EE973C-F789-4519-8985-C5B1453037D2}.Debug|Any CPU.ActiveCfg = Debug|Any CPU
		{F0EE973C-F789-4519-8985-C5B1453037D2}.Release|Any CPU.ActiveCfg = Release|Any CPU
	EndGlobalSection
	GlobalSection(SolutionProperties) = preSolution
		HideSolutionNode = FALSE
	EndGlobalSection
	GlobalSection(ExtensibilityGlobals) = postSolution
		SolutionGuid = {DA883C35-1256-4D98-B199-87FD0F2AFA54}
	EndGlobalSection
EndGlobal
